
Microsoft Visual Studio Solution File, Format Version 12.00
# Visual Studio Version 17
VisualStudioVersion = 17.9.34616.47
MinimumVisualStudioVersion = 10.0.40219.1
Project("{9A19103F-16F7-4668-BE54-9A1E7A4F7556}") = "SqlBulkCopy CSharp", "SqlBulkCopy CSharp.csproj", "{80CEA77F-C7CE-4E82-A070-1C813E6604E3}"
EndProject
Global
	GlobalSection(SolutionConfigurationPlatforms) = preSolution
		Debug|Any CPU = Debug|Any CPU
		Release|Any CPU = Release|Any CPU
	EndGlobalSection
	GlobalSection(ProjectConfigurationPlatforms) = postSolution
		{80CEA77F-C7CE-4E82-A070-1C813E6604E3}.Debug|Any CPU.ActiveCfg = Debug|Any CPU
		{80CEA77F-C7CE-4E82-A070-1C813E6604E3}.Debug|Any CPU.Build.0 = Debug|Any CPU
		{80CEA77F-C7CE-4E82-A070-1C813E6604E3}.Release|Any CPU.ActiveCfg = Release|Any CPU
		{80CEA77F-C7CE-4E82-A070-1C813E6604E3}.Release|Any CPU.Build.0 = Release|Any CPU
	EndGlobalSection
	GlobalSection(SolutionProperties) = preSolution
		HideSolutionNode = FALSE
	EndGlobalSection
	GlobalSection(ExtensibilityGlobals) = postSolution
		SolutionGuid = {5B97743B-B101-4C7C-9990-0E9A6165E04F}
	EndGlobalSection
EndGlobal
